
Microsoft Visual Studio Solution File, Format Version 12.00
# Visual Studio Version 16
VisualStudioVersion = 16.0.30717.126
MinimumVisualStudioVersion = 10.0.40219.1
Project("{2150E333-8FDC-42A3-9474-1A3956D46DE8}") = "src", "src", "{6158DB9B-819C-4BB1-B26C-A5B38960DDA2}"
EndProject
Project("{9A19103F-16F7-4668-BE54-9A1E7A4F7556}") = "T4T.CQRS", "src\T4T.CQRS\T4T.CQRS.csproj", "{95A3BFF6-2A08-4C2C-AEFE-52DCE0C67794}"
EndProject
Project("{9A19103F-16F7-4668-BE54-9A1E7A4F7556}") = "T4T.CQRS.Api", "src\T4T.CQRS.Api\T4T.CQRS.Api.csproj", "{77C57C7B-E1A3-43C4-8392-29E45560278D}"
EndProject
Project("{9A19103F-16F7-4668-BE54-9A1E7A4F7556}") = "T4T.CQRS.Autofac", "src\T4T.CQRS.Autofac\T4T.CQRS.Autofac.csproj", "{7813FD92-11B2-4471-9480-D1D0E4B74529}"
EndProject
Project("{2150E333-8FDC-42A3-9474-1A3956D46DE8}") = "samples", "samples", "{07827EC3-5969-4839-9971-4443F3629800}"
EndProject
Project("{9A19103F-16F7-4668-BE54-9A1E7A4F7556}") = "T4T.CQRS.Samples.API", "samples\T4T.CQRS.Samples.API\T4T.CQRS.Samples.API.csproj", "{97A3BF84-10CC-4117-A713-32ED5E23EF8D}"
EndProject
Project("{2150E333-8FDC-42A3-9474-1A3956D46DE8}") = "test", "test", "{5BA7CF46-EA61-4D9E-9A55-C7583F4F3E9E}"
EndProject
Project("{9A19103F-16F7-4668-BE54-9A1E7A4F7556}") = "T4T.CQRS.Tests", "test\T4T.CQRS.Tests\T4T.CQRS.Tests.csproj", "{A93D3F7A-1856-4105-937B-101030631C7C}"
EndProject
Project("{FAE04EC0-301F-11D3-BF4B-00C04F79EFBC}") = "T4T.CQRS.Api.Tests", "test\T4T.CQRS.Api.Tests\T4T.CQRS.Api.Tests.csproj", "{5217E4DC-3BDA-46AD-B540-D51D713B61AE}"
EndProject
Project("{FAE04EC0-301F-11D3-BF4B-00C04F79EFBC}") = "T4T.CQRS.Autofac.Tests", "test\T4T.CQRS.Autofac.Tests\T4T.CQRS.Autofac.Tests.csproj", "{9CB1A5C4-9016-420E-8E08-A44AFA30A9C4}"
EndProject
Global
	GlobalSection(SolutionConfigurationPlatforms) = preSolution
		Debug|Any CPU = Debug|Any CPU
		Packages|Any CPU = Packages|Any CPU
		Release|Any CPU = Release|Any CPU
		Sample|Any CPU = Sample|Any CPU
	EndGlobalSection
	GlobalSection(ProjectConfigurationPlatforms) = postSolution
		{95A3BFF6-2A08-4C2C-AEFE-52DCE0C67794}.Debug|Any CPU.ActiveCfg = Debug|Any CPU
		{95A3BFF6-2A08-4C2C-AEFE-52DCE0C67794}.Debug|Any CPU.Build.0 = Debug|Any CPU
		{95A3BFF6-2A08-4C2C-AEFE-52DCE0C67794}.Packages|Any CPU.ActiveCfg = Packages|Any CPU
		{95A3BFF6-2A08-4C2C-AEFE-52DCE0C67794}.Packages|Any CPU.Build.0 = Packages|Any CPU
		{95A3BFF6-2A08-4C2C-AEFE-52DCE0C67794}.Release|Any CPU.ActiveCfg = Release|Any CPU
		{95A3BFF6-2A08-4C2C-AEFE-52DCE0C67794}.Release|Any CPU.Build.0 = Release|Any CPU
		{95A3BFF6-2A08-4C2C-AEFE-52DCE0C67794}.Sample|Any CPU.ActiveCfg = Debug|Any CPU
		{77C57C7B-E1A3-43C4-8392-29E45560278D}.Debug|Any CPU.ActiveCfg = Debug|Any CPU
		{77C57C7B-E1A3-43C4-8392-29E45560278D}.Debug|Any CPU.Build.0 = Debug|Any CPU
		{77C57C7B-E1A3-43C4-8392-29E45560278D}.Packages|Any CPU.ActiveCfg = Packages|Any CPU
		{77C57C7B-E1A3-43C4-8392-29E45560278D}.Packages|Any CPU.Build.0 = Packages|Any CPU
		{77C57C7B-E1A3-43C4-8392-29E45560278D}.Release|Any CPU.ActiveCfg = Release|Any CPU
		{77C57C7B-E1A3-43C4-8392-29E45560278D}.Release|Any CPU.Build.0 = Release|Any CPU
		{77C57C7B-E1A3-43C4-8392-29E45560278D}.Sample|Any CPU.ActiveCfg = Debug|Any CPU
		{7813FD92-11B2-4471-9480-D1D0E4B74529}.Debug|Any CPU.ActiveCfg = Debug|Any CPU
		{7813FD92-11B2-4471-9480-D1D0E4B74529}.Debug|Any CPU.Build.0 = Debug|Any CPU
		{7813FD92-11B2-4471-9480-D1D0E4B74529}.Packages|Any CPU.ActiveCfg = Sample|Any CPU
		{7813FD92-11B2-4471-9480-D1D0E4B74529}.Packages|Any CPU.Build.0 = Sample|Any CPU
		{7813FD92-11B2-4471-9480-D1D0E4B74529}.Release|Any CPU.ActiveCfg = Release|Any CPU
		{7813FD92-11B2-4471-9480-D1D0E4B74529}.Release|Any CPU.Build.0 = Release|Any CPU
		{7813FD92-11B2-4471-9480-D1D0E4B74529}.Sample|Any CPU.ActiveCfg = Debug|Any CPU
		{97A3BF84-10CC-4117-A713-32ED5E23EF8D}.Debug|Any CPU.ActiveCfg = Debug|Any CPU
		{97A3BF84-10CC-4117-A713-32ED5E23EF8D}.Debug|Any CPU.Build.0 = Debug|Any CPU
		{97A3BF84-10CC-4117-A713-32ED5E23EF8D}.Packages|Any CPU.ActiveCfg = Sample|Any CPU
		{97A3BF84-10CC-4117-A713-32ED5E23EF8D}.Release|Any CPU.ActiveCfg = Release|Any CPU
		{97A3BF84-10CC-4117-A713-32ED5E23EF8D}.Release|Any CPU.Build.0 = Release|Any CPU
		{97A3BF84-10CC-4117-A713-32ED5E23EF8D}.Sample|Any CPU.ActiveCfg = Sample|Any CPU
		{97A3BF84-10CC-4117-A713-32ED5E23EF8D}.Sample|Any CPU.Build.0 = Sample|Any CPU
		{A93D3F7A-1856-4105-937B-101030631C7C}.Debug|Any CPU.ActiveCfg = Debug|Any CPU
		{A93D3F7A-1856-4105-937B-101030631C7C}.Debug|Any CPU.Build.0 = Debug|Any CPU
		{A93D3F7A-1856-4105-937B-101030631C7C}.Packages|Any CPU.ActiveCfg = Debug|Any CPU
		{A93D3F7A-1856-4105-937B-101030631C7C}.Packages|Any CPU.Build.0 = Debug|Any CPU
		{A93D3F7A-1856-4105-937B-101030631C7C}.Release|Any CPU.ActiveCfg = Release|Any CPU
		{A93D3F7A-1856-4105-937B-101030631C7C}.Release|Any CPU.Build.0 = Release|Any CPU
		{A93D3F7A-1856-4105-937B-101030631C7C}.Sample|Any CPU.ActiveCfg = Debug|Any CPU
		{A93D3F7A-1856-4105-937B-101030631C7C}.Sample|Any CPU.Build.0 = Debug|Any CPU
		{5217E4DC-3BDA-46AD-B540-D51D713B61AE}.Debug|Any CPU.ActiveCfg = Debug|Any CPU
		{5217E4DC-3BDA-46AD-B540-D51D713B61AE}.Debug|Any CPU.Build.0 = Debug|Any CPU
		{5217E4DC-3BDA-46AD-B540-D51D713B61AE}.Packages|Any CPU.ActiveCfg = Debug|Any CPU
		{5217E4DC-3BDA-46AD-B540-D51D713B61AE}.Packages|Any CPU.Build.0 = Debug|Any CPU
		{5217E4DC-3BDA-46AD-B540-D51D713B61AE}.Release|Any CPU.ActiveCfg = Release|Any CPU
		{5217E4DC-3BDA-46AD-B540-D51D713B61AE}.Release|Any CPU.Build.0 = Release|Any CPU
		{5217E4DC-3BDA-46AD-B540-D51D713B61AE}.Sample|Any CPU.ActiveCfg = Debug|Any CPU
		{5217E4DC-3BDA-46AD-B540-D51D713B61AE}.Sample|Any CPU.Build.0 = Debug|Any CPU
		{9CB1A5C4-9016-420E-8E08-A44AFA30A9C4}.Debug|Any CPU.ActiveCfg = Debug|Any CPU
		{9CB1A5C4-9016-420E-8E08-A44AFA30A9C4}.Debug|Any CPU.Build.0 = Debug|Any CPU
		{9CB1A5C4-9016-420E-8E08-A44AFA30A9C4}.Packages|Any CPU.ActiveCfg = Debug|Any CPU
		{9CB1A5C4-9016-420E-8E08-A44AFA30A9C4}.Packages|Any CPU.Build.0 = Debug|Any CPU
		{9CB1A5C4-9016-420E-8E08-A44AFA30A9C4}.Release|Any CPU.ActiveCfg = Release|Any CPU
		{9CB1A5C4-9016-420E-8E08-A44AFA30A9C4}.Release|Any CPU.Build.0 = Release|Any CPU
		{9CB1A5C4-9016-420E-8E08-A44AFA30A9C4}.Sample|Any CPU.ActiveCfg = Debug|Any CPU
		{9CB1A5C4-9016-420E-8E08-A44AFA30A9C4}.Sample|Any CPU.Build.0 = Debug|Any CPU
	EndGlobalSection
	GlobalSection(SolutionProperties) = preSolution
		HideSolutionNode = FALSE
	EndGlobalSection
	GlobalSection(NestedProjects) = preSolution
		{95A3BFF6-2A08-4C2C-AEFE-52DCE0C67794} = {6158DB9B-819C-4BB1-B26C-A5B38960DDA2}
		{77C57C7B-E1A3-43C4-8392-29E45560278D} = {6158DB9B-819C-4BB1-B26C-A5B38960DDA2}
		{7813FD92-11B2-4471-9480-D1D0E4B74529} = {6158DB9B-819C-4BB1-B26C-A5B38960DDA2}
		{97A3BF84-10CC-4117-A713-32ED5E23EF8D} = {07827EC3-5969-4839-9971-4443F3629800}
		{A93D3F7A-1856-4105-937B-101030631C7C} = {5BA7CF46-EA61-4D9E-9A55-C7583F4F3E9E}
		{5217E4DC-3BDA-46AD-B540-D51D713B61AE} = {5BA7CF46-EA61-4D9E-9A55-C7583F4F3E9E}
		{9CB1A5C4-9016-420E-8E08-A44AFA30A9C4} = {5BA7CF46-EA61-4D9E-9A55-C7583F4F3E9E}
	EndGlobalSection
	GlobalSection(ExtensibilityGlobals) = postSolution
		SolutionGuid = {00CF24E5-697C-4A1F-9C0B-1E6BBB993BA3}
	EndGlobalSection
EndGlobal
